
Microsoft Visual Studio Solution File, Format Version 12.00
# Visual Studio Version 17
VisualStudioVersion = 17.13.35825.156
MinimumVisualStudioVersion = 10.0.40219.1
Project("{FAE04EC0-301F-11D3-BF4B-00C04F79EFBC}") = "TN01-WFCadastrar", "TN01-WFCadastrar\TN01-WFCadastrar.csproj", "{204F5D36-3C72-4616-B941-F9421F8BAAC1}"
EndProject
Project("{FAE04EC0-301F-11D3-BF4B-00C04F79EFBC}") = "WFCadastroEndereco", "WFCadastroEndereco\WFCadastroEndereco.csproj", "{BF9E1E24-2BD9-4CC4-9F92-D02AD308B738}"
EndProject
Global
	GlobalSection(SolutionConfigurationPlatforms) = preSolution
		Debug|Any CPU = Debug|Any CPU
		Release|Any CPU = Release|Any CPU
	EndGlobalSection
	GlobalSection(ProjectConfigurationPlatforms) = postSolution
		{204F5D36-3C72-4616-B941-F9421F8BAAC1}.Debug|Any CPU.ActiveCfg = Debug|Any CPU
		{204F5D36-3C72-4616-B941-F9421F8BAAC1}.Debug|Any CPU.Build.0 = Debug|Any CPU
		{204F5D36-3C72-4616-B941-F9421F8BAAC1}.Release|Any CPU.ActiveCfg = Release|Any CPU
		{204F5D36-3C72-4616-B941-F9421F8BAAC1}.Release|Any CPU.Build.0 = Release|Any CPU
		{BF9E1E24-2BD9-4CC4-9F92-D02AD308B738}.Debug|Any CPU.ActiveCfg = Debug|Any CPU
		{BF9E1E24-2BD9-4CC4-9F92-D02AD308B738}.Debug|Any CPU.Build.0 = Debug|Any CPU
		{BF9E1E24-2BD9-4CC4-9F92-D02AD308B738}.Release|Any CPU.ActiveCfg = Release|Any CPU
		{BF9E1E24-2BD9-4CC4-9F92-D02AD308B738}.Release|Any CPU.Build.0 = Release|Any CPU
	EndGlobalSection
	GlobalSection(SolutionProperties) = preSolution
		HideSolutionNode = FALSE
	EndGlobalSection
	GlobalSection(ExtensibilityGlobals) = postSolution
		SolutionGuid = {D4C6ED35-8593-4669-8143-2ACD2CE5912A}
	EndGlobalSection
EndGlobal
